// !$*UTF8*$!
{
	archiveVersion = 1;
	classes = {
	};
	objectVersion = 50;
	objects = {

/* Begin PBXBuildFile section */
		3554A22426C951480054DFB0 /* FallRecord+CoreDataClass.swift in Sources */ = {isa = PBXBuildFile; fileRef = 3554A22226C951470054DFB0 /* FallRecord+CoreDataClass.swift */; };
		3554A22526C951480054DFB0 /* FallRecord+CoreDataProperties.swift in Sources */ = {isa = PBXBuildFile; fileRef = 3554A22326C951470054DFB0 /* FallRecord+CoreDataProperties.swift */; };
		3554A22926C953600054DFB0 /* ResultListCell.swift in Sources */ = {isa = PBXBuildFile; fileRef = 3554A22826C953600054DFB0 /* ResultListCell.swift */; };
		35868A0C26C9228B00CE96FA /* AppDelegate.swift in Sources */ = {isa = PBXBuildFile; fileRef = 35868A0B26C9228B00CE96FA /* AppDelegate.swift */; };
		35868A0E26C9228B00CE96FA /* SceneDelegate.swift in Sources */ = {isa = PBXBuildFile; fileRef = 35868A0D26C9228B00CE96FA /* SceneDelegate.swift */; };
		35868A1326C9228B00CE96FA /* Main.storyboard in Resources */ = {isa = PBXBuildFile; fileRef = 35868A1126C9228B00CE96FA /* Main.storyboard */; };
		35868A1526C9228C00CE96FA /* Assets.xcassets in Resources */ = {isa = PBXBuildFile; fileRef = 35868A1426C9228C00CE96FA /* Assets.xcassets */; };
		35868A1826C9228C00CE96FA /* LaunchScreen.storyboard in Resources */ = {isa = PBXBuildFile; fileRef = 35868A1626C9228C00CE96FA /* LaunchScreen.storyboard */; };
		35868A2026C922FE00CE96FA /* RootTabBarController.swift in Sources */ = {isa = PBXBuildFile; fileRef = 35868A1F26C922FE00CE96FA /* RootTabBarController.swift */; };
		35868A2226C9241500CE96FA /* ResultListViewController.swift in Sources */ = {isa = PBXBuildFile; fileRef = 35868A2126C9241500CE96FA /* ResultListViewController.swift */; };
		35868A2426C9243D00CE96FA /* SettingsViewController.swift in Sources */ = {isa = PBXBuildFile; fileRef = 35868A2326C9243D00CE96FA /* SettingsViewController.swift */; };
		35868A2726C9272700CE96FA /* MotionManager.swift in Sources */ = {isa = PBXBuildFile; fileRef = 35868A2626C9272700CE96FA /* MotionManager.swift */; };
		35868A4E26C928BB00CE96FA /* MotionManager.xcdatamodeld in Sources */ = {isa = PBXBuildFile; fileRef = 35868A4C26C928BB00CE96FA /* MotionManager.xcdatamodeld */; };
		35868A5026C92B0100CE96FA /* AccountManager.swift in Sources */ = {isa = PBXBuildFile; fileRef = 35868A4F26C92B0100CE96FA /* AccountManager.swift */; };
/* End PBXBuildFile section */

/* Begin PBXFileReference section */
		3554A22226C951470054DFB0 /* FallRecord+CoreDataClass.swift */ = {isa = PBXFileReference; lastKnownFileType = sourcecode.swift; path = "FallRecord+CoreDataClass.swift"; sourceTree = "<group>"; };
		3554A22326C951470054DFB0 /* FallRecord+CoreDataProperties.swift */ = {isa = PBXFileReference; lastKnownFileType = sourcecode.swift; path = "FallRecord+CoreDataProperties.swift"; sourceTree = "<group>"; };
		3554A22826C953600054DFB0 /* ResultListCell.swift */ = {isa = PBXFileReference; lastKnownFileType = sourcecode.swift; path = ResultListCell.swift; sourceTree = "<group>"; };
		35868A0826C9228B00CE96FA /* FallDetector.app */ = {isa = PBXFileReference; explicitFileType = wrapper.application; includeInIndex = 0; path = FallDetector.app; sourceTree = BUILT_PRODUCTS_DIR; };
		35868A0B26C9228B00CE96FA /* AppDelegate.swift */ = {isa = PBXFileReference; lastKnownFileType = sourcecode.swift; path = AppDelegate.swift; sourceTree = "<group>"; };
		35868A0D26C9228B00CE96FA /* SceneDelegate.swift */ = {isa = PBXFileReference; lastKnownFileType = sourcecode.swift; path = SceneDelegate.swift; sourceTree = "<group>"; };
		35868A1226C9228B00CE96FA /* Base */ = {isa = PBXFileReference; lastKnownFileType = file.storyboard; name = Base; path = Base.lproj/Main.storyboard; sourceTree = "<group>"; };
		35868A1426C9228C00CE96FA /* Assets.xcassets */ = {isa = PBXFileReference; lastKnownFileType = folder.assetcatalog; path = Assets.xcassets; sourceTree = "<group>"; };
		35868A1726C9228C00CE96FA /* Base */ = {isa = PBXFileReference; lastKnownFileType = file.storyboard; name = Base; path = Base.lproj/LaunchScreen.storyboard; sourceTree = "<group>"; };
		35868A1926C9228C00CE96FA /* Info.plist */ = {isa = PBXFileReference; lastKnownFileType = text.plist.xml; path = Info.plist; sourceTree = "<group>"; };
		35868A1F26C922FE00CE96FA /* RootTabBarController.swift */ = {isa = PBXFileReference; lastKnownFileType = sourcecode.swift; path = RootTabBarController.swift; sourceTree = "<group>"; };
		35868A2126C9241500CE96FA /* ResultListViewController.swift */ = {isa = PBXFileReference; lastKnownFileType = sourcecode.swift; path = ResultListViewController.swift; sourceTree = "<group>"; };
		35868A2326C9243D00CE96FA /* SettingsViewController.swift */ = {isa = PBXFileReference; lastKnownFileType = sourcecode.swift; path = SettingsViewController.swift; sourceTree = "<group>"; };
		35868A2626C9272700CE96FA /* MotionManager.swift */ = {isa = PBXFileReference; lastKnownFileType = sourcecode.swift; path = MotionManager.swift; sourceTree = "<group>"; };
		35868A4D26C928BB00CE96FA /* MotionManager.xcdatamodel */ = {isa = PBXFileReference; lastKnownFileType = wrapper.xcdatamodel; path = MotionManager.xcdatamodel; sourceTree = "<group>"; };
		35868A4F26C92B0100CE96FA /* AccountManager.swift */ = {isa = PBXFileReference; lastKnownFileType = sourcecode.swift; path = AccountManager.swift; sourceTree = "<group>"; };
/* End PBXFileReference section */

/* Begin PBXFrameworksBuildPhase section */
		35868A0526C9228B00CE96FA /* Frameworks */ = {
			isa = PBXFrameworksBuildPhase;
			buildActionMask = 2147483647;
			files = (
			);
			runOnlyForDeploymentPostprocessing = 0;
		};
/* End PBXFrameworksBuildPhase section */

/* Begin PBXGroup section */
		358689FF26C9228B00CE96FA = {
			isa = PBXGroup;
			children = (
				35868A0A26C9228B00CE96FA /* FallDetector */,
				35868A0926C9228B00CE96FA /* Products */,
			);
			sourceTree = "<group>";
		};
		35868A0926C9228B00CE96FA /* Products */ = {
			isa = PBXGroup;
			children = (
				35868A0826C9228B00CE96FA /* FallDetector.app */,
			);
			name = Products;
			sourceTree = "<group>";
		};
		35868A0A26C9228B00CE96FA /* FallDetector */ = {
			isa = PBXGroup;
			children = (
				35868A0B26C9228B00CE96FA /* AppDelegate.swift */,
				35868A0D26C9228B00CE96FA /* SceneDelegate.swift */,
				35868A5126C92B0400CE96FA /* AccountManager */,
				35868A2826C9277F00CE96FA /* MotionManager */,
				35868A2526C926FA00CE96FA /* ViewControllers */,
				35868A1426C9228C00CE96FA /* Assets.xcassets */,
				35868A1626C9228C00CE96FA /* LaunchScreen.storyboard */,
				35868A1926C9228C00CE96FA /* Info.plist */,
			);
			path = FallDetector;
			sourceTree = "<group>";
		};
		35868A2526C926FA00CE96FA /* ViewControllers */ = {
			isa = PBXGroup;
			children = (
				35868A1126C9228B00CE96FA /* Main.storyboard */,
				35868A1F26C922FE00CE96FA /* RootTabBarController.swift */,
				35868A2126C9241500CE96FA /* ResultListViewController.swift */,
				3554A22826C953600054DFB0 /* ResultListCell.swift */,
				35868A2326C9243D00CE96FA /* SettingsViewController.swift */,
			);
			path = ViewControllers;
			sourceTree = "<group>";
		};
		35868A2826C9277F00CE96FA /* MotionManager */ = {
			isa = PBXGroup;
			children = (
				35868A2626C9272700CE96FA /* MotionManager.swift */,
				35868A4C26C928BB00CE96FA /* MotionManager.xcdatamodeld */,
				3554A22226C951470054DFB0 /* FallRecord+CoreDataClass.swift */,
				3554A22326C951470054DFB0 /* FallRecord+CoreDataProperties.swift */,
			);
			path = MotionManager;
			sourceTree = "<group>";
		};
		35868A5126C92B0400CE96FA /* AccountManager */ = {
			isa = PBXGroup;
			children = (
				35868A4F26C92B0100CE96FA /* AccountManager.swift */,
			);
			path = AccountManager;
			sourceTree = "<group>";
		};
/* End PBXGroup section */

/* Begin PBXNativeTarget section */
		35868A0726C9228B00CE96FA /* FallDetector */ = {
			isa = PBXNativeTarget;
			buildConfigurationList = 35868A1C26C9228C00CE96FA /* Build configuration list for PBXNativeTarget "FallDetector" */;
			buildPhases = (
				35868A0426C9228B00CE96FA /* Sources */,
				35868A0526C9228B00CE96FA /* Frameworks */,
				35868A0626C9228B00CE96FA /* Resources */,
			);
			buildRules = (
			);
			dependencies = (
			);
			name = FallDetector;
			productName = FallDetector;
			productReference = 35868A0826C9228B00CE96FA /* FallDetector.app */;
			productType = "com.apple.product-type.application";
		};
/* End PBXNativeTarget section */

/* Begin PBXProject section */
		35868A0026C9228B00CE96FA /* Project object */ = {
			isa = PBXProject;
			attributes = {
				LastSwiftUpdateCheck = 1250;
				LastUpgradeCheck = 1250;
				TargetAttributes = {
					35868A0726C9228B00CE96FA = {
						CreatedOnToolsVersion = 12.5.1;
					};
				};
			};
			buildConfigurationList = 35868A0326C9228B00CE96FA /* Build configuration list for PBXProject "FallDetector" */;
			compatibilityVersion = "Xcode 9.3";
			developmentRegion = en;
			hasScannedForEncodings = 0;
			knownRegions = (
				en,
				Base,
			);
			mainGroup = 358689FF26C9228B00CE96FA;
			productRefGroup = 35868A0926C9228B00CE96FA /* Products */;
			projectDirPath = "";
			projectRoot = "";
			targets = (
				35868A0726C9228B00CE96FA /* FallDetector */,
			);
		};
/* End PBXProject section */

/* Begin PBXResourcesBuildPhase section */
		35868A0626C9228B00CE96FA /* Resources */ = {
			isa = PBXResourcesBuildPhase;
			buildActionMask = 2147483647;
			files = (
				35868A1826C9228C00CE96FA /* LaunchScreen.storyboard in Resources */,
				35868A1526C9228C00CE96FA /* Assets.xcassets in Resources */,
				35868A1326C9228B00CE96FA /* Main.storyboard in Resources */,
			);
			runOnlyForDeploymentPostprocessing = 0;
		};
/* End PBXResourcesBuildPhase section */

/* Begin PBXSourcesBuildPhase section */
		35868A0426C9228B00CE96FA /* Sources */ = {
			isa = PBXSourcesBuildPhase;
			buildActionMask = 2147483647;
			files = (
				35868A0C26C9228B00CE96FA /* AppDelegate.swift in Sources */,
				35868A2726C9272700CE96FA /* MotionManager.swift in Sources */,
				35868A2026C922FE00CE96FA /* RootTabBarController.swift in Sources */,
				35868A4E26C928BB00CE96FA /* MotionManager.xcdatamodeld in Sources */,
				35868A0E26C9228B00CE96FA /* SceneDelegate.swift in Sources */,
				35868A2426C9243D00CE96FA /* SettingsViewController.swift in Sources */,
				35868A2226C9241500CE96FA /* ResultListViewController.swift in Sources */,
				3554A22526C951480054DFB0 /* FallRecord+CoreDataProperties.swift in Sources */,
				3554A22426C951480054DFB0 /* FallRecord+CoreDataClass.swift in Sources */,
				35868A5026C92B0100CE96FA /* AccountManager.swift in Sources */,
				3554A22926C953600054DFB0 /* ResultListCell.swift in Sources */,
			);
			runOnlyForDeploymentPostprocessing = 0;
		};
/* End PBXSourcesBuildPhase section */

/* Begin PBXVariantGroup section */
		35868A1126C9228B00CE96FA /* Main.storyboard */ = {
			isa = PBXVariantGroup;
			children = (
				35868A1226C9228B00CE96FA /* Base */,
			);
			name = Main.storyboard;
			sourceTree = "<group>";
		};
		35868A1626C9228C00CE96FA /* LaunchScreen.storyboard */ = {
			isa = PBXVariantGroup;
			children = (
				35868A1726C9228C00CE96FA /* Base */,
			);
			name = LaunchScreen.storyboard;
			sourceTree = "<group>";
		};
/* End PBXVariantGroup section */

/* Begin XCBuildConfiguration section */
		35868A1A26C9228C00CE96FA /* Debug */ = {
			isa = XCBuildConfiguration;
			buildSettings = {
				ALWAYS_SEARCH_USER_PATHS = NO;
				CLANG_ANALYZER_NONNULL = YES;
				CLANG_ANALYZER_NUMBER_OBJECT_CONVERSION = YES_AGGRESSIVE;
				CLANG_CXX_LANGUAGE_STANDARD = "gnu++14";
				CLANG_CXX_LIBRARY = "libc++";
				CLANG_ENABLE_MODULES = YES;
				CLANG_ENABLE_OBJC_ARC = YES;
				CLANG_ENABLE_OBJC_WEAK = YES;
				CLANG_WARN_BLOCK_CAPTURE_AUTORELEASING = YES;
				CLANG_WARN_BOOL_CONVERSION = YES;
				CLANG_WARN_COMMA = YES;
				CLANG_WARN_CONSTANT_CONVERSION = YES;
				CLANG_WARN_DEPRECATED_OBJC_IMPLEMENTATIONS = YES;
				CLANG_WARN_DIRECT_OBJC_ISA_USAGE = YES_ERROR;
				CLANG_WARN_DOCUMENTATION_COMMENTS = YES;
				CLANG_WARN_EMPTY_BODY = YES;
				CLANG_WARN_ENUM_CONVERSION = YES;
				CLANG_WARN_INFINITE_RECURSION = YES;
				CLANG_WARN_INT_CONVERSION = YES;
				CLANG_WARN_NON_LITERAL_NULL_CONVERSION = YES;
				CLANG_WARN_OBJC_IMPLICIT_RETAIN_SELF = YES;
				CLANG_WARN_OBJC_LITERAL_CONVERSION = YES;
				CLANG_WARN_OBJC_ROOT_CLASS = YES_ERROR;
				CLANG_WARN_QUOTED_INCLUDE_IN_FRAMEWORK_HEADER = YES;
				CLANG_WARN_RANGE_LOOP_ANALYSIS = YES;
				CLANG_WARN_STRICT_PROTOTYPES = YES;
				CLANG_WARN_SUSPICIOUS_MOVE = YES;
				CLANG_WARN_UNGUARDED_AVAILABILITY = YES_AGGRESSIVE;
				CLANG_WARN_UNREACHABLE_CODE = YES;
				CLANG_WARN__DUPLICATE_METHOD_MATCH = YES;
				COPY_PHASE_STRIP = NO;
				DEBUG_INFORMATION_FORMAT = dwarf;
				ENABLE_STRICT_OBJC_MSGSEND = YES;
				ENABLE_TESTABILITY = YES;
				GCC_C_LANGUAGE_STANDARD = gnu11;
				GCC_DYNAMIC_NO_PIC = NO;
				GCC_NO_COMMON_BLOCKS = YES;
				GCC_OPTIMIZATION_LEVEL = 0;
				GCC_PREPROCESSOR_DEFINITIONS = (
					"DEBUG=1",
					"$(inherited)",
				);
				GCC_WARN_64_TO_32_BIT_CONVERSION = YES;
				GCC_WARN_ABOUT_RETURN_TYPE = YES_ERROR;
				GCC_WARN_UNDECLARED_SELECTOR = YES;
				GCC_WARN_UNINITIALIZED_AUTOS = YES_AGGRESSIVE;
				GCC_WARN_UNUSED_FUNCTION = YES;
				GCC_WARN_UNUSED_VARIABLE = YES;
				IPHONEOS_DEPLOYMENT_TARGET = 13.0;
				MTL_ENABLE_DEBUG_INFO = INCLUDE_SOURCE;
				MTL_FAST_MATH = YES;
				ONLY_ACTIVE_ARCH = YES;
				SDKROOT = iphoneos;
				SWIFT_ACTIVE_COMPILATION_CONDITIONS = DEBUG;
				SWIFT_OPTIMIZATION_LEVEL = "-Onone";
			};
			name = Debug;
		};
		35868A1B26C9228C00CE96FA /* Release */ = {
			isa = XCBuildConfiguration;
			buildSettings = {
				ALWAYS_SEARCH_USER_PATHS = NO;
				CLANG_ANALYZER_NONNULL = YES;
				CLANG_ANALYZER_NUMBER_OBJECT_CONVERSION = YES_AGGRESSIVE;
				CLANG_CXX_LANGUAGE_STANDARD = "gnu++14";
				CLANG_CXX_LIBRARY = "libc++";
				CLANG_ENABLE_MODULES = YES;
				CLANG_ENABLE_OBJC_ARC = YES;
				CLANG_ENABLE_OBJC_WEAK = YES;
				CLANG_WARN_BLOCK_CAPTURE_AUTORELEASING = YES;
				CLANG_WARN_BOOL_CONVERSION = YES;
				CLANG_WARN_COMMA = YES;
				CLANG_WARN_CONSTANT_CONVERSION = YES;
				CLANG_WARN_DEPRECATED_OBJC_IMPLEMENTATIONS = YES;
				CLANG_WARN_DIRECT_OBJC_ISA_USAGE = YES_ERROR;
				CLANG_WARN_DOCUMENTATION_COMMENTS = YES;
				CLANG_WARN_EMPTY_BODY = YES;
				CLANG_WARN_ENUM_CONVERSION = YES;
				CLANG_WARN_INFINITE_RECURSION = YES;
				CLANG_WARN_INT_CONVERSION = YES;
				CLANG_WARN_NON_LITERAL_NULL_CONVERSION = YES;
				CLANG_WARN_OBJC_IMPLICIT_RETAIN_SELF = YES;
				CLANG_WARN_OBJC_LITERAL_CONVERSION = YES;
				CLANG_WARN_OBJC_ROOT_CLASS = YES_ERROR;
				CLANG_WARN_QUOTED_INCLUDE_IN_FRAMEWORK_HEADER = YES;
				CLANG_WARN_RANGE_LOOP_ANALYSIS = YES;
				CLANG_WARN_STRICT_PROTOTYPES = YES;
				CLANG_WARN_SUSPICIOUS_MOVE = YES;
				CLANG_WARN_UNGUARDED_AVAILABILITY = YES_AGGRESSIVE;
				CLANG_WARN_UNREACHABLE_CODE = YES;
				CLANG_WARN__DUPLICATE_METHOD_MATCH = YES;
				COPY_PHASE_STRIP = NO;
				DEBUG_INFORMATION_FORMAT = "dwarf-with-dsym";
				ENABLE_NS_ASSERTIONS = NO;
				ENABLE_STRICT_OBJC_MSGSEND = YES;
				GCC_C_LANGUAGE_STANDARD = gnu11;
				GCC_NO_COMMON_BLOCKS = YES;
				GCC_WARN_64_TO_32_BIT_CONVERSION = YES;
				GCC_WARN_ABOUT_RETURN_TYPE = YES_ERROR;
				GCC_WARN_UNDECLARED_SELECTOR = YES;
				GCC_WARN_UNINITIALIZED_AUTOS = YES_AGGRESSIVE;
				GCC_WARN_UNUSED_FUNCTION = YES;
				GCC_WARN_UNUSED_VARIABLE = YES;
				IPHONEOS_DEPLOYMENT_TARGET = 13.0;
				MTL_ENABLE_DEBUG_INFO = NO;
				MTL_FAST_MATH = YES;
				SDKROOT = iphoneos;
				SWIFT_COMPILATION_MODE = wholemodule;
				SWIFT_OPTIMIZATION_LEVEL = "-O";
				VALIDATE_PRODUCT = YES;
			};
			name = Release;
		};
		35868A1D26C9228C00CE96FA /* Debug */ = {
			isa = XCBuildConfiguration;
			buildSettings = {
				ASSETCATALOG_COMPILER_APPICON_NAME = AppIcon;
				ASSETCATALOG_COMPILER_GLOBAL_ACCENT_COLOR_NAME = AccentColor;
				CODE_SIGN_STYLE = Automatic;
				DEVELOPMENT_TEAM = RQB3ETH4HH;
				INFOPLIST_FILE = FallDetector/Info.plist;
				LD_RUNPATH_SEARCH_PATHS = (
					"$(inherited)",
					"@executable_path/Frameworks",
				);
				MARKETING_VERSION = 0.1.0;
				PRODUCT_BUNDLE_IDENTIFIER = fd.FallDetector;
				PRODUCT_NAME = "$(TARGET_NAME)";
				SWIFT_VERSION = 5.0;
				TARGETED_DEVICE_FAMILY = "1,2";
			};
			name = Debug;
		};
		35868A1E26C9228C00CE96FA /* Release */ = {
			isa = XCBuildConfiguration;
			buildSettings = {
				ASSETCATALOG_COMPILER_APPICON_NAME = AppIcon;
				ASSETCATALOG_COMPILER_GLOBAL_ACCENT_COLOR_NAME = AccentColor;
				CODE_SIGN_STYLE = Automatic;
				DEVELOPMENT_TEAM = RQB3ETH4HH;
				INFOPLIST_FILE = FallDetector/Info.plist;
				LD_RUNPATH_SEARCH_PATHS = (
					"$(inherited)",
					"@executable_path/Frameworks",
				);
				MARKETING_VERSION = 0.1.0;
				PRODUCT_BUNDLE_IDENTIFIER = fd.FallDetector;
				PRODUCT_NAME = "$(TARGET_NAME)";
				SWIFT_VERSION = 5.0;
				TARGETED_DEVICE_FAMILY = "1,2";
			};
			name = Release;
		};
/* End XCBuildConfiguration section */

/* Begin XCConfigurationList section */
		35868A0326C9228B00CE96FA /* Build configuration list for PBXProject "FallDetector" */ = {
			isa = XCConfigurationList;
			buildConfigurations = (
				35868A1A26C9228C00CE96FA /* Debug */,
				35868A1B26C9228C00CE96FA /* Release */,
			);
			defaultConfigurationIsVisible = 0;
			defaultConfigurationName = Release;
		};
		35868A1C26C9228C00CE96FA /* Build configuration list for PBXNativeTarget "FallDetector" */ = {
			isa = XCConfigurationList;
			buildConfigurations = (
				35868A1D26C9228C00CE96FA /* Debug */,
				35868A1E26C9228C00CE96FA /* Release */,
			);
			defaultConfigurationIsVisible = 0;
			defaultConfigurationName = Release;
		};
/* End XCConfigurationList section */

/* Begin XCVersionGroup section */
		35868A4C26C928BB00CE96FA /* MotionManager.xcdatamodeld */ = {
			isa = XCVersionGroup;
			children = (
				35868A4D26C928BB00CE96FA /* MotionManager.xcdatamodel */,
			);
			currentVersion = 35868A4D26C928BB00CE96FA /* MotionManager.xcdatamodel */;
			path = MotionManager.xcdatamodeld;
			sourceTree = "<group>";
			versionGroupType = wrapper.xcdatamodel;
		};
/* End XCVersionGroup section */
	};
	rootObject = 35868A0026C9228B00CE96FA /* Project object */;
}
